
Microsoft Visual Studio Solution File, Format Version 12.00
# Visual Studio 15
VisualStudioVersion = 15.0.27703.2042
MinimumVisualStudioVersion = 10.0.40219.1
Project("{9A19103F-16F7-4668-BE54-9A1E7A4F7556}") = "AshesToTree", "AshesToTree\AshesToTree.csproj", "{5615B756-9F91-462B-BF15-70D6F13E39EF}"
EndProject
Project("{FAE04EC0-301F-11D3-BF4B-00C04F79EFBC}") = "ConsoleApp1", "ConsoleApp1\ConsoleApp1.csproj", "{B62E37B8-7D7C-49AB-B72E-58B5C4B86F13}"
EndProject
Global
	GlobalSection(SolutionConfigurationPlatforms) = preSolution
		Debug|Any CPU = Debug|Any CPU
		Release|Any CPU = Release|Any CPU
	EndGlobalSection
	GlobalSection(ProjectConfigurationPlatforms) = postSolution
		{5615B756-9F91-462B-BF15-70D6F13E39EF}.Debug|Any CPU.ActiveCfg = Debug|Any CPU
		{5615B756-9F91-462B-BF15-70D6F13E39EF}.Debug|Any CPU.Build.0 = Debug|Any CPU
		{5615B756-9F91-462B-BF15-70D6F13E39EF}.Release|Any CPU.ActiveCfg = Release|Any CPU
		{5615B756-9F91-462B-BF15-70D6F13E39EF}.Release|Any CPU.Build.0 = Release|Any CPU
		{B62E37B8-7D7C-49AB-B72E-58B5C4B86F13}.Debug|Any CPU.ActiveCfg = Debug|Any CPU
		{B62E37B8-7D7C-49AB-B72E-58B5C4B86F13}.Debug|Any CPU.Build.0 = Debug|Any CPU
		{B62E37B8-7D7C-49AB-B72E-58B5C4B86F13}.Release|Any CPU.ActiveCfg = Release|Any CPU
		{B62E37B8-7D7C-49AB-B72E-58B5C4B86F13}.Release|Any CPU.Build.0 = Release|Any CPU
	EndGlobalSection
	GlobalSection(SolutionProperties) = preSolution
		HideSolutionNode = FALSE
	EndGlobalSection
	GlobalSection(ExtensibilityGlobals) = postSolution
		SolutionGuid = {E3A6E76B-9B71-4C88-BC34-5E0C8FE30BE0}
	EndGlobalSection
EndGlobal
